
Microsoft Visual Studio Solution File, Format Version 12.00
# Visual Studio 15
VisualStudioVersion = 15.0.27703.2035
MinimumVisualStudioVersion = 10.0.40219.1
Project("{FAE04EC0-301F-11D3-BF4B-00C04F79EFBC}") = "KokuhakuBot.Flow", "KokuhakuBot.Flow\KokuhakuBot.Flow.csproj", "{E8B16F3F-87E8-42A4-AF5A-D985253434CF}"
EndProject
Global
	GlobalSection(SolutionConfigurationPlatforms) = preSolution
		Debug|Any CPU = Debug|Any CPU
		Release|Any CPU = Release|Any CPU
	EndGlobalSection
	GlobalSection(ProjectConfigurationPlatforms) = postSolution
		{E8B16F3F-87E8-42A4-AF5A-D985253434CF}.Debug|Any CPU.ActiveCfg = Debug|Any CPU
		{E8B16F3F-87E8-42A4-AF5A-D985253434CF}.Debug|Any CPU.Build.0 = Debug|Any CPU
		{E8B16F3F-87E8-42A4-AF5A-D985253434CF}.Release|Any CPU.ActiveCfg = Release|Any CPU
		{E8B16F3F-87E8-42A4-AF5A-D985253434CF}.Release|Any CPU.Build.0 = Release|Any CPU
	EndGlobalSection
	GlobalSection(SolutionProperties) = preSolution
		HideSolutionNode = FALSE
	EndGlobalSection
	GlobalSection(ExtensibilityGlobals) = postSolution
		SolutionGuid = {EC78CA7C-EC72-4037-909C-09666AE7DD69}
	EndGlobalSection
EndGlobal
